
Microsoft Visual Studio Solution File, Format Version 12.00
Project("{FAE04EC0-301F-11D3-BF4B-00C04F79EFBC}") = "Istu.Navigation.Api", "Istu.Navigation.Api\Istu.Navigation.Api.csproj", "{CBEA8644-66F2-4A34-A2AB-A40F867A61A2}"
EndProject
Project("{2150E333-8FDC-42A3-9474-1A3956D46DE8}") = "Domain", "Domain", "{3D5D4546-FDB2-49AA-BF68-93A31507BBC6}"
EndProject
Project("{FAE04EC0-301F-11D3-BF4B-00C04F79EFBC}") = "Isti.Navigation.Domain.Models", "Isti.Navigation.Domain.Models\Isti.Navigation.Domain.Models.csproj", "{81E0E3F5-5A0A-4FBE-91A2-9806231D2BB3}"
EndProject
Project("{FAE04EC0-301F-11D3-BF4B-00C04F79EFBC}") = "Istu.Navigation.Domain.Services", "Istu.Navigation.Domain.Services\Istu.Navigation.Domain.Services.csproj", "{0A2EDD0F-CC3B-46E4-A58E-8F2C3B8E221E}"
EndProject
Global
	GlobalSection(SolutionConfigurationPlatforms) = preSolution
		Debug|Any CPU = Debug|Any CPU
		Release|Any CPU = Release|Any CPU
	EndGlobalSection
	GlobalSection(ProjectConfigurationPlatforms) = postSolution
		{CBEA8644-66F2-4A34-A2AB-A40F867A61A2}.Debug|Any CPU.ActiveCfg = Debug|Any CPU
		{CBEA8644-66F2-4A34-A2AB-A40F867A61A2}.Debug|Any CPU.Build.0 = Debug|Any CPU
		{CBEA8644-66F2-4A34-A2AB-A40F867A61A2}.Release|Any CPU.ActiveCfg = Release|Any CPU
		{CBEA8644-66F2-4A34-A2AB-A40F867A61A2}.Release|Any CPU.Build.0 = Release|Any CPU
		{81E0E3F5-5A0A-4FBE-91A2-9806231D2BB3}.Debug|Any CPU.ActiveCfg = Debug|Any CPU
		{81E0E3F5-5A0A-4FBE-91A2-9806231D2BB3}.Debug|Any CPU.Build.0 = Debug|Any CPU
		{81E0E3F5-5A0A-4FBE-91A2-9806231D2BB3}.Release|Any CPU.ActiveCfg = Release|Any CPU
		{81E0E3F5-5A0A-4FBE-91A2-9806231D2BB3}.Release|Any CPU.Build.0 = Release|Any CPU
		{0A2EDD0F-CC3B-46E4-A58E-8F2C3B8E221E}.Debug|Any CPU.ActiveCfg = Debug|Any CPU
		{0A2EDD0F-CC3B-46E4-A58E-8F2C3B8E221E}.Debug|Any CPU.Build.0 = Debug|Any CPU
		{0A2EDD0F-CC3B-46E4-A58E-8F2C3B8E221E}.Release|Any CPU.ActiveCfg = Release|Any CPU
		{0A2EDD0F-CC3B-46E4-A58E-8F2C3B8E221E}.Release|Any CPU.Build.0 = Release|Any CPU
	EndGlobalSection
	GlobalSection(NestedProjects) = preSolution
		{81E0E3F5-5A0A-4FBE-91A2-9806231D2BB3} = {3D5D4546-FDB2-49AA-BF68-93A31507BBC6}
		{0A2EDD0F-CC3B-46E4-A58E-8F2C3B8E221E} = {3D5D4546-FDB2-49AA-BF68-93A31507BBC6}
	EndGlobalSection
EndGlobal
